
Microsoft Visual Studio Solution File, Format Version 12.00
# Visual Studio Version 16
VisualStudioVersion = 16.0.29424.173
MinimumVisualStudioVersion = 10.0.40219.1
Project("{9A19103F-16F7-4668-BE54-9A1E7A4F7556}") = "DZ5", "DZ5\DZ5.csproj", "{F537625F-2DA3-4F8E-A91D-005F35C01FD9}"
EndProject
Global
	GlobalSection(SolutionConfigurationPlatforms) = preSolution
		Debug|Any CPU = Debug|Any CPU
		Release|Any CPU = Release|Any CPU
	EndGlobalSection
	GlobalSection(ProjectConfigurationPlatforms) = postSolution
		{F537625F-2DA3-4F8E-A91D-005F35C01FD9}.Debug|Any CPU.ActiveCfg = Debug|Any CPU
		{F537625F-2DA3-4F8E-A91D-005F35C01FD9}.Debug|Any CPU.Build.0 = Debug|Any CPU
		{F537625F-2DA3-4F8E-A91D-005F35C01FD9}.Release|Any CPU.ActiveCfg = Release|Any CPU
		{F537625F-2DA3-4F8E-A91D-005F35C01FD9}.Release|Any CPU.Build.0 = Release|Any CPU
	EndGlobalSection
	GlobalSection(SolutionProperties) = preSolution
		HideSolutionNode = FALSE
	EndGlobalSection
	GlobalSection(ExtensibilityGlobals) = postSolution
		SolutionGuid = {905AD66B-14D0-4E4E-84F1-E62930FA7576}
	EndGlobalSection
EndGlobal
